// !$*UTF8*$!
{
	archiveVersion = 1;
	classes = {
	};
	objectVersion = 52;
	objects = {

/* Begin PBXBuildFile section */
		D534CBA825E97E7100B1A7BA /* Tests_iOS.swift in Sources */ = {isa = PBXBuildFile; fileRef = D534CBA725E97E7100B1A7BA /* Tests_iOS.swift */; };
		D534CBB325E97E7100B1A7BA /* Tests_macOS.swift in Sources */ = {isa = PBXBuildFile; fileRef = D534CBB225E97E7100B1A7BA /* Tests_macOS.swift */; };
		D534CBB525E97E7100B1A7BA /* Problem2App.swift in Sources */ = {isa = PBXBuildFile; fileRef = D534CB8C25E97E6E00B1A7BA /* Problem2App.swift */; };
		D534CBB625E97E7100B1A7BA /* Problem2App.swift in Sources */ = {isa = PBXBuildFile; fileRef = D534CB8C25E97E6E00B1A7BA /* Problem2App.swift */; };
		D534CBB725E97E7100B1A7BA /* ContentView.swift in Sources */ = {isa = PBXBuildFile; fileRef = D534CB8D25E97E6E00B1A7BA /* ContentView.swift */; };
		D534CBB825E97E7100B1A7BA /* ContentView.swift in Sources */ = {isa = PBXBuildFile; fileRef = D534CB8D25E97E6E00B1A7BA /* ContentView.swift */; };
		D534CBB925E97E7100B1A7BA /* Assets.xcassets in Resources */ = {isa = PBXBuildFile; fileRef = D534CB8E25E97E7100B1A7BA /* Assets.xcassets */; };
		D534CBBA25E97E7100B1A7BA /* Assets.xcassets in Resources */ = {isa = PBXBuildFile; fileRef = D534CB8E25E97E7100B1A7BA /* Assets.xcassets */; };
		D534CBD725E97E8500B1A7BA /* ChangingPlotParameters.swift in Sources */ = {isa = PBXBuildFile; fileRef = D534CBCD25E97E8400B1A7BA /* ChangingPlotParameters.swift */; };
		D534CBD825E97E8500B1A7BA /* ChangingPlotParameters.swift in Sources */ = {isa = PBXBuildFile; fileRef = D534CBCD25E97E8400B1A7BA /* ChangingPlotParameters.swift */; };
		D534CBD925E97E8500B1A7BA /* ChangingPlotParameters.swift in Sources */ = {isa = PBXBuildFile; fileRef = D534CBCD25E97E8400B1A7BA /* ChangingPlotParameters.swift */; };
		D534CBDA25E97E8500B1A7BA /* ChangingPlotParameters.swift in Sources */ = {isa = PBXBuildFile; fileRef = D534CBCD25E97E8400B1A7BA /* ChangingPlotParameters.swift */; };
		D534CBDB25E97E8500B1A7BA /* CorePlot.swift in Sources */ = {isa = PBXBuildFile; fileRef = D534CBCE25E97E8400B1A7BA /* CorePlot.swift */; };
		D534CBDC25E97E8500B1A7BA /* CorePlot.swift in Sources */ = {isa = PBXBuildFile; fileRef = D534CBCE25E97E8400B1A7BA /* CorePlot.swift */; };
		D534CBDD25E97E8500B1A7BA /* CorePlot.swift in Sources */ = {isa = PBXBuildFile; fileRef = D534CBCE25E97E8400B1A7BA /* CorePlot.swift */; };
		D534CBDE25E97E8500B1A7BA /* CorePlot.swift in Sources */ = {isa = PBXBuildFile; fileRef = D534CBCE25E97E8400B1A7BA /* CorePlot.swift */; };
		D534CBE325E97E8500B1A7BA /* PlotDataClass.swift in Sources */ = {isa = PBXBuildFile; fileRef = D534CBD025E97E8400B1A7BA /* PlotDataClass.swift */; };
		D534CBE425E97E8500B1A7BA /* PlotDataClass.swift in Sources */ = {isa = PBXBuildFile; fileRef = D534CBD025E97E8400B1A7BA /* PlotDataClass.swift */; };
		D534CBE525E97E8500B1A7BA /* PlotDataClass.swift in Sources */ = {isa = PBXBuildFile; fileRef = D534CBD025E97E8400B1A7BA /* PlotDataClass.swift */; };
		D534CBE625E97E8500B1A7BA /* PlotDataClass.swift in Sources */ = {isa = PBXBuildFile; fileRef = D534CBD025E97E8400B1A7BA /* PlotDataClass.swift */; };
		D534CBE725E97E8500B1A7BA /* TextExportDocument.swift in Sources */ = {isa = PBXBuildFile; fileRef = D534CBD125E97E8400B1A7BA /* TextExportDocument.swift */; };
		D534CBE825E97E8500B1A7BA /* TextExportDocument.swift in Sources */ = {isa = PBXBuildFile; fileRef = D534CBD125E97E8400B1A7BA /* TextExportDocument.swift */; };
		D534CBE925E97E8500B1A7BA /* TextExportDocument.swift in Sources */ = {isa = PBXBuildFile; fileRef = D534CBD125E97E8400B1A7BA /* TextExportDocument.swift */; };
		D534CBEA25E97E8500B1A7BA /* TextExportDocument.swift in Sources */ = {isa = PBXBuildFile; fileRef = D534CBD125E97E8400B1A7BA /* TextExportDocument.swift */; };
		D534CBEB25E97E8500B1A7BA /* operators.swift in Sources */ = {isa = PBXBuildFile; fileRef = D534CBD225E97E8400B1A7BA /* operators.swift */; };
		D534CBEC25E97E8500B1A7BA /* operators.swift in Sources */ = {isa = PBXBuildFile; fileRef = D534CBD225E97E8400B1A7BA /* operators.swift */; };
		D534CBED25E97E8500B1A7BA /* operators.swift in Sources */ = {isa = PBXBuildFile; fileRef = D534CBD225E97E8400B1A7BA /* operators.swift */; };
		D534CBEE25E97E8500B1A7BA /* operators.swift in Sources */ = {isa = PBXBuildFile; fileRef = D534CBD225E97E8400B1A7BA /* operators.swift */; };
		D534CBEF25E97E8500B1A7BA /* CalculatePlotData.swift in Sources */ = {isa = PBXBuildFile; fileRef = D534CBD325E97E8500B1A7BA /* CalculatePlotData.swift */; };
		D534CBF025E97E8500B1A7BA /* CalculatePlotData.swift in Sources */ = {isa = PBXBuildFile; fileRef = D534CBD325E97E8500B1A7BA /* CalculatePlotData.swift */; };
		D534CBF125E97E8500B1A7BA /* CalculatePlotData.swift in Sources */ = {isa = PBXBuildFile; fileRef = D534CBD325E97E8500B1A7BA /* CalculatePlotData.swift */; };
		D534CBF225E97E8500B1A7BA /* CalculatePlotData.swift in Sources */ = {isa = PBXBuildFile; fileRef = D534CBD325E97E8500B1A7BA /* CalculatePlotData.swift */; };
		D534CBF325E97E8500B1A7BA /* TextView.swift in Sources */ = {isa = PBXBuildFile; fileRef = D534CBD425E97E8500B1A7BA /* TextView.swift */; };
		D534CBF425E97E8500B1A7BA /* TextView.swift in Sources */ = {isa = PBXBuildFile; fileRef = D534CBD425E97E8500B1A7BA /* TextView.swift */; };
		D534CBF525E97E8500B1A7BA /* TextView.swift in Sources */ = {isa = PBXBuildFile; fileRef = D534CBD425E97E8500B1A7BA /* TextView.swift */; };
		D534CBF625E97E8500B1A7BA /* TextView.swift in Sources */ = {isa = PBXBuildFile; fileRef = D534CBD425E97E8500B1A7BA /* TextView.swift */; };
		D534CC1125E97F9700B1A7BA /* CorePlot in Frameworks */ = {isa = PBXBuildFile; productRef = D534CC1025E97F9700B1A7BA /* CorePlot */; };
		D534CC1825E97FB700B1A7BA /* CorePlot in Frameworks */ = {isa = PBXBuildFile; productRef = D534CC1725E97FB700B1A7BA /* CorePlot */; };
		D534CC1E25E97FD200B1A7BA /* CorePlot in Frameworks */ = {isa = PBXBuildFile; productRef = D534CC1D25E97FD200B1A7BA /* CorePlot */; };
/* End PBXBuildFile section */

/* Begin PBXContainerItemProxy section */
		D534CBA425E97E7100B1A7BA /* PBXContainerItemProxy */ = {
			isa = PBXContainerItemProxy;
			containerPortal = D534CB8725E97E6E00B1A7BA /* Project object */;
			proxyType = 1;
			remoteGlobalIDString = D534CB9225E97E7100B1A7BA;
			remoteInfo = "Problem2 (iOS)";
		};
		D534CBAF25E97E7100B1A7BA /* PBXContainerItemProxy */ = {
			isa = PBXContainerItemProxy;
			containerPortal = D534CB8725E97E6E00B1A7BA /* Project object */;
			proxyType = 1;
			remoteGlobalIDString = D534CB9A25E97E7100B1A7BA;
			remoteInfo = "Problem2 (macOS)";
		};
/* End PBXContainerItemProxy section */

/* Begin PBXFileReference section */
		D534CB8C25E97E6E00B1A7BA /* Problem2App.swift */ = {isa = PBXFileReference; lastKnownFileType = sourcecode.swift; path = Problem2App.swift; sourceTree = "<group>"; };
		D534CB8D25E97E6E00B1A7BA /* ContentView.swift */ = {isa = PBXFileReference; lastKnownFileType = sourcecode.swift; path = ContentView.swift; sourceTree = "<group>"; };
		D534CB8E25E97E7100B1A7BA /* Assets.xcassets */ = {isa = PBXFileReference; lastKnownFileType = folder.assetcatalog; path = Assets.xcassets; sourceTree = "<group>"; };
		D534CB9325E97E7100B1A7BA /* Problem2.app */ = {isa = PBXFileReference; explicitFileType = wrapper.application; includeInIndex = 0; path = Problem2.app; sourceTree = BUILT_PRODUCTS_DIR; };
		D534CB9625E97E7100B1A7BA /* Info.plist */ = {isa = PBXFileReference; lastKnownFileType = text.plist.xml; path = Info.plist; sourceTree = "<group>"; };
		D534CB9B25E97E7100B1A7BA /* Problem2.app */ = {isa = PBXFileReference; explicitFileType = wrapper.application; includeInIndex = 0; path = Problem2.app; sourceTree = BUILT_PRODUCTS_DIR; };
		D534CB9D25E97E7100B1A7BA /* Info.plist */ = {isa = PBXFileReference; lastKnownFileType = text.plist.xml; path = Info.plist; sourceTree = "<group>"; };
		D534CB9E25E97E7100B1A7BA /* macOS.entitlements */ = {isa = PBXFileReference; lastKnownFileType = text.plist.entitlements; path = macOS.entitlements; sourceTree = "<group>"; };
		D534CBA325E97E7100B1A7BA /* Tests iOS.xctest */ = {isa = PBXFileReference; explicitFileType = wrapper.cfbundle; includeInIndex = 0; path = "Tests iOS.xctest"; sourceTree = BUILT_PRODUCTS_DIR; };
		D534CBA725E97E7100B1A7BA /* Tests_iOS.swift */ = {isa = PBXFileReference; lastKnownFileType = sourcecode.swift; path = Tests_iOS.swift; sourceTree = "<group>"; };
		D534CBA925E97E7100B1A7BA /* Info.plist */ = {isa = PBXFileReference; lastKnownFileType = text.plist.xml; path = Info.plist; sourceTree = "<group>"; };
		D534CBAE25E97E7100B1A7BA /* Tests macOS.xctest */ = {isa = PBXFileReference; explicitFileType = wrapper.cfbundle; includeInIndex = 0; path = "Tests macOS.xctest"; sourceTree = BUILT_PRODUCTS_DIR; };
		D534CBB225E97E7100B1A7BA /* Tests_macOS.swift */ = {isa = PBXFileReference; lastKnownFileType = sourcecode.swift; path = Tests_macOS.swift; sourceTree = "<group>"; };
		D534CBB425E97E7100B1A7BA /* Info.plist */ = {isa = PBXFileReference; lastKnownFileType = text.plist.xml; path = Info.plist; sourceTree = "<group>"; };
		D534CBCD25E97E8400B1A7BA /* ChangingPlotParameters.swift */ = {isa = PBXFileReference; lastKnownFileType = sourcecode.swift; path = ChangingPlotParameters.swift; sourceTree = "<group>"; };
		D534CBCE25E97E8400B1A7BA /* CorePlot.swift */ = {isa = PBXFileReference; lastKnownFileType = sourcecode.swift; path = CorePlot.swift; sourceTree = "<group>"; };
		D534CBD025E97E8400B1A7BA /* PlotDataClass.swift */ = {isa = PBXFileReference; lastKnownFileType = sourcecode.swift; path = PlotDataClass.swift; sourceTree = "<group>"; };
		D534CBD125E97E8400B1A7BA /* TextExportDocument.swift */ = {isa = PBXFileReference; lastKnownFileType = sourcecode.swift; path = TextExportDocument.swift; sourceTree = "<group>"; };
		D534CBD225E97E8400B1A7BA /* operators.swift */ = {isa = PBXFileReference; lastKnownFileType = sourcecode.swift; path = operators.swift; sourceTree = "<group>"; };
		D534CBD325E97E8500B1A7BA /* CalculatePlotData.swift */ = {isa = PBXFileReference; lastKnownFileType = sourcecode.swift; path = CalculatePlotData.swift; sourceTree = "<group>"; };
		D534CBD425E97E8500B1A7BA /* TextView.swift */ = {isa = PBXFileReference; lastKnownFileType = sourcecode.swift; path = TextView.swift; sourceTree = "<group>"; };
/* End PBXFileReference section */

/* Begin PBXFrameworksBuildPhase section */
		D534CB9025E97E7100B1A7BA /* Frameworks */ = {
			isa = PBXFrameworksBuildPhase;
			buildActionMask = 2147483647;
			files = (
				D534CC1125E97F9700B1A7BA /* CorePlot in Frameworks */,
			);
			runOnlyForDeploymentPostprocessing = 0;
		};
		D534CB9825E97E7100B1A7BA /* Frameworks */ = {
			isa = PBXFrameworksBuildPhase;
			buildActionMask = 2147483647;
			files = (
				D534CC1825E97FB700B1A7BA /* CorePlot in Frameworks */,
			);
			runOnlyForDeploymentPostprocessing = 0;
		};
		D534CBA025E97E7100B1A7BA /* Frameworks */ = {
			isa = PBXFrameworksBuildPhase;
			buildActionMask = 2147483647;
			files = (
				D534CC1E25E97FD200B1A7BA /* CorePlot in Frameworks */,
			);
			runOnlyForDeploymentPostprocessing = 0;
		};
		D534CBAB25E97E7100B1A7BA /* Frameworks */ = {
			isa = PBXFrameworksBuildPhase;
			buildActionMask = 2147483647;
			files = (
			);
			runOnlyForDeploymentPostprocessing = 0;
		};
/* End PBXFrameworksBuildPhase section */

/* Begin PBXGroup section */
		D534CB8625E97E6E00B1A7BA = {
			isa = PBXGroup;
			children = (
				D534CB8B25E97E6E00B1A7BA /* Shared */,
				D534CB9525E97E7100B1A7BA /* iOS */,
				D534CB9C25E97E7100B1A7BA /* macOS */,
				D534CBA625E97E7100B1A7BA /* Tests iOS */,
				D534CBB125E97E7100B1A7BA /* Tests macOS */,
				D534CB9425E97E7100B1A7BA /* Products */,
				D534CC1625E97FB700B1A7BA /* Frameworks */,
			);
			sourceTree = "<group>";
		};
		D534CB8B25E97E6E00B1A7BA /* Shared */ = {
			isa = PBXGroup;
			children = (
				D534CB8C25E97E6E00B1A7BA /* Problem2App.swift */,
				D534CB8D25E97E6E00B1A7BA /* ContentView.swift */,
				D534CBCD25E97E8400B1A7BA /* ChangingPlotParameters.swift */,
				D534CBCE25E97E8400B1A7BA /* CorePlot.swift */,
				D534CBD025E97E8400B1A7BA /* PlotDataClass.swift */,
				D534CBD125E97E8400B1A7BA /* TextExportDocument.swift */,
				D534CBD225E97E8400B1A7BA /* operators.swift */,
				D534CBD325E97E8500B1A7BA /* CalculatePlotData.swift */,
				D534CBD425E97E8500B1A7BA /* TextView.swift */,
				D534CB8E25E97E7100B1A7BA /* Assets.xcassets */,
			);
			path = Shared;
			sourceTree = "<group>";
		};
		D534CB9425E97E7100B1A7BA /* Products */ = {
			isa = PBXGroup;
			children = (
				D534CB9325E97E7100B1A7BA /* Problem2.app */,
				D534CB9B25E97E7100B1A7BA /* Problem2.app */,
				D534CBA325E97E7100B1A7BA /* Tests iOS.xctest */,
				D534CBAE25E97E7100B1A7BA /* Tests macOS.xctest */,
			);
			name = Products;
			sourceTree = "<group>";
		};
		D534CB9525E97E7100B1A7BA /* iOS */ = {
			isa = PBXGroup;
			children = (
				D534CB9625E97E7100B1A7BA /* Info.plist */,
			);
			path = iOS;
			sourceTree = "<group>";
		};
		D534CB9C25E97E7100B1A7BA /* macOS */ = {
			isa = PBXGroup;
			children = (
				D534CB9D25E97E7100B1A7BA /* Info.plist */,
				D534CB9E25E97E7100B1A7BA /* macOS.entitlements */,
			);
			path = macOS;
			sourceTree = "<group>";
		};
		D534CBA625E97E7100B1A7BA /* Tests iOS */ = {
			isa = PBXGroup;
			children = (
				D534CBA725E97E7100B1A7BA /* Tests_iOS.swift */,
				D534CBA925E97E7100B1A7BA /* Info.plist */,
			);
			path = "Tests iOS";
			sourceTree = "<group>";
		};
		D534CBB125E97E7100B1A7BA /* Tests macOS */ = {
			isa = PBXGroup;
			children = (
				D534CBB225E97E7100B1A7BA /* Tests_macOS.swift */,
				D534CBB425E97E7100B1A7BA /* Info.plist */,
			);
			path = "Tests macOS";
			sourceTree = "<group>";
		};
		D534CC1625E97FB700B1A7BA /* Frameworks */ = {
			isa = PBXGroup;
			children = (
			);
			name = Frameworks;
			sourceTree = "<group>";
		};
/* End PBXGroup section */

/* Begin PBXNativeTarget section */
		D534CB9225E97E7100B1A7BA /* Problem2 (iOS) */ = {
			isa = PBXNativeTarget;
			buildConfigurationList = D534CBBD25E97E7100B1A7BA /* Build configuration list for PBXNativeTarget "Problem2 (iOS)" */;
			buildPhases = (
				D534CB8F25E97E7100B1A7BA /* Sources */,
				D534CB9025E97E7100B1A7BA /* Frameworks */,
				D534CB9125E97E7100B1A7BA /* Resources */,
			);
			buildRules = (
			);
			dependencies = (
			);
			name = "Problem2 (iOS)";
			packageProductDependencies = (
				D534CC1025E97F9700B1A7BA /* CorePlot */,
			);
			productName = "Problem2 (iOS)";
			productReference = D534CB9325E97E7100B1A7BA /* Problem2.app */;
			productType = "com.apple.product-type.application";
		};
		D534CB9A25E97E7100B1A7BA /* Problem2 (macOS) */ = {
			isa = PBXNativeTarget;
			buildConfigurationList = D534CBC025E97E7100B1A7BA /* Build configuration list for PBXNativeTarget "Problem2 (macOS)" */;
			buildPhases = (
				D534CB9725E97E7100B1A7BA /* Sources */,
				D534CB9825E97E7100B1A7BA /* Frameworks */,
				D534CB9925E97E7100B1A7BA /* Resources */,
			);
			buildRules = (
			);
			dependencies = (
			);
			name = "Problem2 (macOS)";
			packageProductDependencies = (
				D534CC1725E97FB700B1A7BA /* CorePlot */,
			);
			productName = "Problem2 (macOS)";
			productReference = D534CB9B25E97E7100B1A7BA /* Problem2.app */;
			productType = "com.apple.product-type.application";
		};
		D534CBA225E97E7100B1A7BA /* Tests iOS */ = {
			isa = PBXNativeTarget;
			buildConfigurationList = D534CBC325E97E7100B1A7BA /* Build configuration list for PBXNativeTarget "Tests iOS" */;
			buildPhases = (
				D534CB9F25E97E7100B1A7BA /* Sources */,
				D534CBA025E97E7100B1A7BA /* Frameworks */,
				D534CBA125E97E7100B1A7BA /* Resources */,
			);
			buildRules = (
			);
			dependencies = (
				D534CBA525E97E7100B1A7BA /* PBXTargetDependency */,
			);
			name = "Tests iOS";
			packageProductDependencies = (
				D534CC1D25E97FD200B1A7BA /* CorePlot */,
			);
			productName = "Tests iOS";
			productReference = D534CBA325E97E7100B1A7BA /* Tests iOS.xctest */;
			productType = "com.apple.product-type.bundle.ui-testing";
		};
		D534CBAD25E97E7100B1A7BA /* Tests macOS */ = {
			isa = PBXNativeTarget;
			buildConfigurationList = D534CBC625E97E7100B1A7BA /* Build configuration list for PBXNativeTarget "Tests macOS" */;
			buildPhases = (
				D534CBAA25E97E7100B1A7BA /* Sources */,
				D534CBAB25E97E7100B1A7BA /* Frameworks */,
				D534CBAC25E97E7100B1A7BA /* Resources */,
			);
			buildRules = (
			);
			dependencies = (
				D534CBB025E97E7100B1A7BA /* PBXTargetDependency */,
			);
			name = "Tests macOS";
			productName = "Tests macOS";
			productReference = D534CBAE25E97E7100B1A7BA /* Tests macOS.xctest */;
			productType = "com.apple.product-type.bundle.ui-testing";
		};
/* End PBXNativeTarget section */

/* Begin PBXProject section */
		D534CB8725E97E6E00B1A7BA /* Project object */ = {
			isa = PBXProject;
			attributes = {
				LastSwiftUpdateCheck = 1240;
				LastUpgradeCheck = 1240;
				TargetAttributes = {
					D534CB9225E97E7100B1A7BA = {
						CreatedOnToolsVersion = 12.4;
					};
					D534CB9A25E97E7100B1A7BA = {
						CreatedOnToolsVersion = 12.4;
					};
					D534CBA225E97E7100B1A7BA = {
						CreatedOnToolsVersion = 12.4;
						TestTargetID = D534CB9225E97E7100B1A7BA;
					};
					D534CBAD25E97E7100B1A7BA = {
						CreatedOnToolsVersion = 12.4;
						TestTargetID = D534CB9A25E97E7100B1A7BA;
					};
				};
			};
			buildConfigurationList = D534CB8A25E97E6E00B1A7BA /* Build configuration list for PBXProject "Problem2" */;
			compatibilityVersion = "Xcode 9.3";
			developmentRegion = en;
			hasScannedForEncodings = 0;
			knownRegions = (
				en,
				Base,
			);
			mainGroup = D534CB8625E97E6E00B1A7BA;
			packageReferences = (
				D534CC0F25E97F9700B1A7BA /* XCRemoteSwiftPackageReference "core-plot" */,
			);
			productRefGroup = D534CB9425E97E7100B1A7BA /* Products */;
			projectDirPath = "";
			projectRoot = "";
			targets = (
				D534CB9225E97E7100B1A7BA /* Problem2 (iOS) */,
				D534CB9A25E97E7100B1A7BA /* Problem2 (macOS) */,
				D534CBA225E97E7100B1A7BA /* Tests iOS */,
				D534CBAD25E97E7100B1A7BA /* Tests macOS */,
			);
		};
/* End PBXProject section */

/* Begin PBXResourcesBuildPhase section */
		D534CB9125E97E7100B1A7BA /* Resources */ = {
			isa = PBXResourcesBuildPhase;
			buildActionMask = 2147483647;
			files = (
				D534CBB925E97E7100B1A7BA /* Assets.xcassets in Resources */,
			);
			runOnlyForDeploymentPostprocessing = 0;
		};
		D534CB9925E97E7100B1A7BA /* Resources */ = {
			isa = PBXResourcesBuildPhase;
			buildActionMask = 2147483647;
			files = (
				D534CBBA25E97E7100B1A7BA /* Assets.xcassets in Resources */,
			);
			runOnlyForDeploymentPostprocessing = 0;
		};
		D534CBA125E97E7100B1A7BA /* Resources */ = {
			isa = PBXResourcesBuildPhase;
			buildActionMask = 2147483647;
			files = (
			);
			runOnlyForDeploymentPostprocessing = 0;
		};
		D534CBAC25E97E7100B1A7BA /* Resources */ = {
			isa = PBXResourcesBuildPhase;
			buildActionMask = 2147483647;
			files = (
			);
			runOnlyForDeploymentPostprocessing = 0;
		};
/* End PBXResourcesBuildPhase section */

/* Begin PBXSourcesBuildPhase section */
		D534CB8F25E97E7100B1A7BA /* Sources */ = {
			isa = PBXSourcesBuildPhase;
			buildActionMask = 2147483647;
			files = (
				D534CBB725E97E7100B1A7BA /* ContentView.swift in Sources */,
				D534CBEF25E97E8500B1A7BA /* CalculatePlotData.swift in Sources */,
				D534CBEB25E97E8500B1A7BA /* operators.swift in Sources */,
				D534CBE725E97E8500B1A7BA /* TextExportDocument.swift in Sources */,
				D534CBE325E97E8500B1A7BA /* PlotDataClass.swift in Sources */,
				D534CBDB25E97E8500B1A7BA /* CorePlot.swift in Sources */,
				D534CBB525E97E7100B1A7BA /* Problem2App.swift in Sources */,
				D534CBD725E97E8500B1A7BA /* ChangingPlotParameters.swift in Sources */,
				D534CBF325E97E8500B1A7BA /* TextView.swift in Sources */,
			);
			runOnlyForDeploymentPostprocessing = 0;
		};
		D534CB9725E97E7100B1A7BA /* Sources */ = {
			isa = PBXSourcesBuildPhase;
			buildActionMask = 2147483647;
			files = (
				D534CBB825E97E7100B1A7BA /* ContentView.swift in Sources */,
				D534CBF025E97E8500B1A7BA /* CalculatePlotData.swift in Sources */,
				D534CBEC25E97E8500B1A7BA /* operators.swift in Sources */,
				D534CBE825E97E8500B1A7BA /* TextExportDocument.swift in Sources */,
				D534CBE425E97E8500B1A7BA /* PlotDataClass.swift in Sources */,
				D534CBDC25E97E8500B1A7BA /* CorePlot.swift in Sources */,
				D534CBB625E97E7100B1A7BA /* Problem2App.swift in Sources */,
				D534CBD825E97E8500B1A7BA /* ChangingPlotParameters.swift in Sources */,
				D534CBF425E97E8500B1A7BA /* TextView.swift in Sources */,
			);
			runOnlyForDeploymentPostprocessing = 0;
		};
		D534CB9F25E97E7100B1A7BA /* Sources */ = {
			isa = PBXSourcesBuildPhase;
			buildActionMask = 2147483647;
			files = (
				D534CBDD25E97E8500B1A7BA /* CorePlot.swift in Sources */,
				D534CBF125E97E8500B1A7BA /* CalculatePlotData.swift in Sources */,
				D534CBED25E97E8500B1A7BA /* operators.swift in Sources */,
				D534CBA825E97E7100B1A7BA /* Tests_iOS.swift in Sources */,
				D534CBE525E97E8500B1A7BA /* PlotDataClass.swift in Sources */,
				D534CBE925E97E8500B1A7BA /* TextExportDocument.swift in Sources */,
				D534CBF525E97E8500B1A7BA /* TextView.swift in Sources */,
				D534CBD925E97E8500B1A7BA /* ChangingPlotParameters.swift in Sources */,
			);
			runOnlyForDeploymentPostprocessing = 0;
		};
		D534CBAA25E97E7100B1A7BA /* Sources */ = {
			isa = PBXSourcesBuildPhase;
			buildActionMask = 2147483647;
			files = (
				D534CBDE25E97E8500B1A7BA /* CorePlot.swift in Sources */,
				D534CBF225E97E8500B1A7BA /* CalculatePlotData.swift in Sources */,
				D534CBEE25E97E8500B1A7BA /* operators.swift in Sources */,
				D534CBB325E97E7100B1A7BA /* Tests_macOS.swift in Sources */,
				D534CBE625E97E8500B1A7BA /* PlotDataClass.swift in Sources */,
				D534CBEA25E97E8500B1A7BA /* TextExportDocument.swift in Sources */,
				D534CBF625E97E8500B1A7BA /* TextView.swift in Sources */,
				D534CBDA25E97E8500B1A7BA /* ChangingPlotParameters.swift in Sources */,
			);
			runOnlyForDeploymentPostprocessing = 0;
		};
/* End PBXSourcesBuildPhase section */

/* Begin PBXTargetDependency section */
		D534CBA525E97E7100B1A7BA /* PBXTargetDependency */ = {
			isa = PBXTargetDependency;
			target = D534CB9225E97E7100B1A7BA /* Problem2 (iOS) */;
			targetProxy = D534CBA425E97E7100B1A7BA /* PBXContainerItemProxy */;
		};
		D534CBB025E97E7100B1A7BA /* PBXTargetDependency */ = {
			isa = PBXTargetDependency;
			target = D534CB9A25E97E7100B1A7BA /* Problem2 (macOS) */;
			targetProxy = D534CBAF25E97E7100B1A7BA /* PBXContainerItemProxy */;
		};
/* End PBXTargetDependency section */

/* Begin XCBuildConfiguration section */
		D534CBBB25E97E7100B1A7BA /* Debug */ = {
			isa = XCBuildConfiguration;
			buildSettings = {
				ALWAYS_SEARCH_USER_PATHS = NO;
				CLANG_ANALYZER_NONNULL = YES;
				CLANG_ANALYZER_NUMBER_OBJECT_CONVERSION = YES_AGGRESSIVE;
				CLANG_CXX_LANGUAGE_STANDARD = "gnu++14";
				CLANG_CXX_LIBRARY = "libc++";
				CLANG_ENABLE_MODULES = YES;
				CLANG_ENABLE_OBJC_ARC = YES;
				CLANG_ENABLE_OBJC_WEAK = YES;
				CLANG_WARN_BLOCK_CAPTURE_AUTORELEASING = YES;
				CLANG_WARN_BOOL_CONVERSION = YES;
				CLANG_WARN_COMMA = YES;
				CLANG_WARN_CONSTANT_CONVERSION = YES;
				CLANG_WARN_DEPRECATED_OBJC_IMPLEMENTATIONS = YES;
				CLANG_WARN_DIRECT_OBJC_ISA_USAGE = YES_ERROR;
				CLANG_WARN_DOCUMENTATION_COMMENTS = YES;
				CLANG_WARN_EMPTY_BODY = YES;
				CLANG_WARN_ENUM_CONVERSION = YES;
				CLANG_WARN_INFINITE_RECURSION = YES;
				CLANG_WARN_INT_CONVERSION = YES;
				CLANG_WARN_NON_LITERAL_NULL_CONVERSION = YES;
				CLANG_WARN_OBJC_IMPLICIT_RETAIN_SELF = YES;
				CLANG_WARN_OBJC_LITERAL_CONVERSION = YES;
				CLANG_WARN_OBJC_ROOT_CLASS = YES_ERROR;
				CLANG_WARN_QUOTED_INCLUDE_IN_FRAMEWORK_HEADER = YES;
				CLANG_WARN_RANGE_LOOP_ANALYSIS = YES;
				CLANG_WARN_STRICT_PROTOTYPES = YES;
				CLANG_WARN_SUSPICIOUS_MOVE = YES;
				CLANG_WARN_UNGUARDED_AVAILABILITY = YES_AGGRESSIVE;
				CLANG_WARN_UNREACHABLE_CODE = YES;
				CLANG_WARN__DUPLICATE_METHOD_MATCH = YES;
				COPY_PHASE_STRIP = NO;
				DEBUG_INFORMATION_FORMAT = dwarf;
				ENABLE_STRICT_OBJC_MSGSEND = YES;
				ENABLE_TESTABILITY = YES;
				GCC_C_LANGUAGE_STANDARD = gnu11;
				GCC_DYNAMIC_NO_PIC = NO;
				GCC_NO_COMMON_BLOCKS = YES;
				GCC_OPTIMIZATION_LEVEL = 0;
				GCC_PREPROCESSOR_DEFINITIONS = (
					"DEBUG=1",
					"$(inherited)",
				);
				GCC_WARN_64_TO_32_BIT_CONVERSION = YES;
				GCC_WARN_ABOUT_RETURN_TYPE = YES_ERROR;
				GCC_WARN_UNDECLARED_SELECTOR = YES;
				GCC_WARN_UNINITIALIZED_AUTOS = YES_AGGRESSIVE;
				GCC_WARN_UNUSED_FUNCTION = YES;
				GCC_WARN_UNUSED_VARIABLE = YES;
				MTL_ENABLE_DEBUG_INFO = INCLUDE_SOURCE;
				MTL_FAST_MATH = YES;
				ONLY_ACTIVE_ARCH = YES;
				SWIFT_ACTIVE_COMPILATION_CONDITIONS = DEBUG;
				SWIFT_OPTIMIZATION_LEVEL = "-Onone";
			};
			name = Debug;
		};
		D534CBBC25E97E7100B1A7BA /* Release */ = {
			isa = XCBuildConfiguration;
			buildSettings = {
				ALWAYS_SEARCH_USER_PATHS = NO;
				CLANG_ANALYZER_NONNULL = YES;
				CLANG_ANALYZER_NUMBER_OBJECT_CONVERSION = YES_AGGRESSIVE;
				CLANG_CXX_LANGUAGE_STANDARD = "gnu++14";
				CLANG_CXX_LIBRARY = "libc++";
				CLANG_ENABLE_MODULES = YES;
				CLANG_ENABLE_OBJC_ARC = YES;
				CLANG_ENABLE_OBJC_WEAK = YES;
				CLANG_WARN_BLOCK_CAPTURE_AUTORELEASING = YES;
				CLANG_WARN_BOOL_CONVERSION = YES;
				CLANG_WARN_COMMA = YES;
				CLANG_WARN_CONSTANT_CONVERSION = YES;
				CLANG_WARN_DEPRECATED_OBJC_IMPLEMENTATIONS = YES;
				CLANG_WARN_DIRECT_OBJC_ISA_USAGE = YES_ERROR;
				CLANG_WARN_DOCUMENTATION_COMMENTS = YES;
				CLANG_WARN_EMPTY_BODY = YES;
				CLANG_WARN_ENUM_CONVERSION = YES;
				CLANG_WARN_INFINITE_RECURSION = YES;
				CLANG_WARN_INT_CONVERSION = YES;
				CLANG_WARN_NON_LITERAL_NULL_CONVERSION = YES;
				CLANG_WARN_OBJC_IMPLICIT_RETAIN_SELF = YES;
				CLANG_WARN_OBJC_LITERAL_CONVERSION = YES;
				CLANG_WARN_OBJC_ROOT_CLASS = YES_ERROR;
				CLANG_WARN_QUOTED_INCLUDE_IN_FRAMEWORK_HEADER = YES;
				CLANG_WARN_RANGE_LOOP_ANALYSIS = YES;
				CLANG_WARN_STRICT_PROTOTYPES = YES;
				CLANG_WARN_SUSPICIOUS_MOVE = YES;
				CLANG_WARN_UNGUARDED_AVAILABILITY = YES_AGGRESSIVE;
				CLANG_WARN_UNREACHABLE_CODE = YES;
				CLANG_WARN__DUPLICATE_METHOD_MATCH = YES;
				COPY_PHASE_STRIP = NO;
				DEBUG_INFORMATION_FORMAT = "dwarf-with-dsym";
				ENABLE_NS_ASSERTIONS = NO;
				ENABLE_STRICT_OBJC_MSGSEND = YES;
				GCC_C_LANGUAGE_STANDARD = gnu11;
				GCC_NO_COMMON_BLOCKS = YES;
				GCC_WARN_64_TO_32_BIT_CONVERSION = YES;
				GCC_WARN_ABOUT_RETURN_TYPE = YES_ERROR;
				GCC_WARN_UNDECLARED_SELECTOR = YES;
				GCC_WARN_UNINITIALIZED_AUTOS = YES_AGGRESSIVE;
				GCC_WARN_UNUSED_FUNCTION = YES;
				GCC_WARN_UNUSED_VARIABLE = YES;
				MTL_ENABLE_DEBUG_INFO = NO;
				MTL_FAST_MATH = YES;
				SWIFT_COMPILATION_MODE = wholemodule;
				SWIFT_OPTIMIZATION_LEVEL = "-O";
			};
			name = Release;
		};
		D534CBBE25E97E7100B1A7BA /* Debug */ = {
			isa = XCBuildConfiguration;
			buildSettings = {
				ASSETCATALOG_COMPILER_APPICON_NAME = AppIcon;
				ASSETCATALOG_COMPILER_GLOBAL_ACCENT_COLOR_NAME = AccentColor;
				CODE_SIGN_STYLE = Automatic;
				DEVELOPMENT_TEAM = 3CJZCVG5JC;
				ENABLE_PREVIEWS = YES;
				INFOPLIST_FILE = iOS/Info.plist;
				IPHONEOS_DEPLOYMENT_TARGET = 14.0;
				LD_RUNPATH_SEARCH_PATHS = (
					"$(inherited)",
					"@executable_path/Frameworks",
				);
				PRODUCT_BUNDLE_IDENTIFIER = com.SLIIT.Problem2;
				PRODUCT_NAME = Problem2;
				SDKROOT = iphoneos;
				SWIFT_VERSION = 5.0;
				TARGETED_DEVICE_FAMILY = "1,2";
			};
			name = Debug;
		};
		D534CBBF25E97E7100B1A7BA /* Release */ = {
			isa = XCBuildConfiguration;
			buildSettings = {
				ASSETCATALOG_COMPILER_APPICON_NAME = AppIcon;
				ASSETCATALOG_COMPILER_GLOBAL_ACCENT_COLOR_NAME = AccentColor;
				CODE_SIGN_STYLE = Automatic;
				DEVELOPMENT_TEAM = 3CJZCVG5JC;
				ENABLE_PREVIEWS = YES;
				INFOPLIST_FILE = iOS/Info.plist;
				IPHONEOS_DEPLOYMENT_TARGET = 14.0;
				LD_RUNPATH_SEARCH_PATHS = (
					"$(inherited)",
					"@executable_path/Frameworks",
				);
				PRODUCT_BUNDLE_IDENTIFIER = com.SLIIT.Problem2;
				PRODUCT_NAME = Problem2;
				SDKROOT = iphoneos;
				SWIFT_VERSION = 5.0;
				TARGETED_DEVICE_FAMILY = "1,2";
				VALIDATE_PRODUCT = YES;
			};
			name = Release;
		};
		D534CBC125E97E7100B1A7BA /* Debug */ = {
			isa = XCBuildConfiguration;
			buildSettings = {
				ASSETCATALOG_COMPILER_APPICON_NAME = AppIcon;
				ASSETCATALOG_COMPILER_GLOBAL_ACCENT_COLOR_NAME = AccentColor;
				CODE_SIGN_ENTITLEMENTS = macOS/macOS.entitlements;
				CODE_SIGN_STYLE = Automatic;
				COMBINE_HIDPI_IMAGES = YES;
				DEVELOPMENT_TEAM = 3CJZCVG5JC;
				ENABLE_HARDENED_RUNTIME = YES;
				ENABLE_PREVIEWS = YES;
				INFOPLIST_FILE = macOS/Info.plist;
				LD_RUNPATH_SEARCH_PATHS = (
					"$(inherited)",
					"@executable_path/../Frameworks",
				);
				MACOSX_DEPLOYMENT_TARGET = 11.0;
				PRODUCT_BUNDLE_IDENTIFIER = com.SLIIT.Problem2;
				PRODUCT_NAME = Problem2;
				SDKROOT = macosx;
				SWIFT_VERSION = 5.0;
			};
			name = Debug;
		};
		D534CBC225E97E7100B1A7BA /* Release */ = {
			isa = XCBuildConfiguration;
			buildSettings = {
				ASSETCATALOG_COMPILER_APPICON_NAME = AppIcon;
				ASSETCATALOG_COMPILER_GLOBAL_ACCENT_COLOR_NAME = AccentColor;
				CODE_SIGN_ENTITLEMENTS = macOS/macOS.entitlements;
				CODE_SIGN_STYLE = Automatic;
				COMBINE_HIDPI_IMAGES = YES;
				DEVELOPMENT_TEAM = 3CJZCVG5JC;
				ENABLE_HARDENED_RUNTIME = YES;
				ENABLE_PREVIEWS = YES;
				INFOPLIST_FILE = macOS/Info.plist;
				LD_RUNPATH_SEARCH_PATHS = (
					"$(inherited)",
					"@executable_path/../Frameworks",
				);
				MACOSX_DEPLOYMENT_TARGET = 11.0;
				PRODUCT_BUNDLE_IDENTIFIER = com.SLIIT.Problem2;
				PRODUCT_NAME = Problem2;
				SDKROOT = macosx;
				SWIFT_VERSION = 5.0;
			};
			name = Release;
		};
		D534CBC425E97E7100B1A7BA /* Debug */ = {
			isa = XCBuildConfiguration;
			buildSettings = {
				ALWAYS_EMBED_SWIFT_STANDARD_LIBRARIES = YES;
				CODE_SIGN_STYLE = Automatic;
				DEVELOPMENT_TEAM = 3CJZCVG5JC;
				INFOPLIST_FILE = "Tests iOS/Info.plist";
				IPHONEOS_DEPLOYMENT_TARGET = 14.4;
				LD_RUNPATH_SEARCH_PATHS = (
					"$(inherited)",
					"@executable_path/Frameworks",
					"@loader_path/Frameworks",
				);
				PRODUCT_BUNDLE_IDENTIFIER = "com.SLIIT.Tests-iOS";
				PRODUCT_NAME = "$(TARGET_NAME)";
				SDKROOT = iphoneos;
				SWIFT_VERSION = 5.0;
				TARGETED_DEVICE_FAMILY = "1,2";
				TEST_TARGET_NAME = "Problem2 (iOS)";
			};
			name = Debug;
		};
		D534CBC525E97E7100B1A7BA /* Release */ = {
			isa = XCBuildConfiguration;
			buildSettings = {
				ALWAYS_EMBED_SWIFT_STANDARD_LIBRARIES = YES;
				CODE_SIGN_STYLE = Automatic;
				DEVELOPMENT_TEAM = 3CJZCVG5JC;
				INFOPLIST_FILE = "Tests iOS/Info.plist";
				IPHONEOS_DEPLOYMENT_TARGET = 14.4;
				LD_RUNPATH_SEARCH_PATHS = (
					"$(inherited)",
					"@executable_path/Frameworks",
					"@loader_path/Frameworks",
				);
				PRODUCT_BUNDLE_IDENTIFIER = "com.SLIIT.Tests-iOS";
				PRODUCT_NAME = "$(TARGET_NAME)";
				SDKROOT = iphoneos;
				SWIFT_VERSION = 5.0;
				TARGETED_DEVICE_FAMILY = "1,2";
				TEST_TARGET_NAME = "Problem2 (iOS)";
				VALIDATE_PRODUCT = YES;
			};
			name = Release;
		};
		D534CBC725E97E7100B1A7BA /* Debug */ = {
			isa = XCBuildConfiguration;
			buildSettings = {
				ALWAYS_EMBED_SWIFT_STANDARD_LIBRARIES = YES;
				CODE_SIGN_STYLE = Automatic;
				COMBINE_HIDPI_IMAGES = YES;
				DEVELOPMENT_TEAM = 3CJZCVG5JC;
				INFOPLIST_FILE = "Tests macOS/Info.plist";
				LD_RUNPATH_SEARCH_PATHS = (
					"$(inherited)",
					"@executable_path/../Frameworks",
					"@loader_path/../Frameworks",
				);
				MACOSX_DEPLOYMENT_TARGET = 11.1;
				PRODUCT_BUNDLE_IDENTIFIER = "com.SLIIT.Tests-macOS";
				PRODUCT_NAME = "$(TARGET_NAME)";
				SDKROOT = macosx;
				SWIFT_VERSION = 5.0;
				TEST_TARGET_NAME = "Problem2 (macOS)";
			};
			name = Debug;
		};
		D534CBC825E97E7100B1A7BA /* Release */ = {
			isa = XCBuildConfiguration;
			buildSettings = {
				ALWAYS_EMBED_SWIFT_STANDARD_LIBRARIES = YES;
				CODE_SIGN_STYLE = Automatic;
				COMBINE_HIDPI_IMAGES = YES;
				DEVELOPMENT_TEAM = 3CJZCVG5JC;
				INFOPLIST_FILE = "Tests macOS/Info.plist";
				LD_RUNPATH_SEARCH_PATHS = (
					"$(inherited)",
					"@executable_path/../Frameworks",
					"@loader_path/../Frameworks",
				);
				MACOSX_DEPLOYMENT_TARGET = 11.1;
				PRODUCT_BUNDLE_IDENTIFIER = "com.SLIIT.Tests-macOS";
				PRODUCT_NAME = "$(TARGET_NAME)";
				SDKROOT = macosx;
				SWIFT_VERSION = 5.0;
				TEST_TARGET_NAME = "Problem2 (macOS)";
			};
			name = Release;
		};
/* End XCBuildConfiguration section */

/* Begin XCConfigurationList section */
		D534CB8A25E97E6E00B1A7BA /* Build configuration list for PBXProject "Problem2" */ = {
			isa = XCConfigurationList;
			buildConfigurations = (
				D534CBBB25E97E7100B1A7BA /* Debug */,
				D534CBBC25E97E7100B1A7BA /* Release */,
			);
			defaultConfigurationIsVisible = 0;
			defaultConfigurationName = Release;
		};
		D534CBBD25E97E7100B1A7BA /* Build configuration list for PBXNativeTarget "Problem2 (iOS)" */ = {
			isa = XCConfigurationList;
			buildConfigurations = (
				D534CBBE25E97E7100B1A7BA /* Debug */,
				D534CBBF25E97E7100B1A7BA /* Release */,
			);
			defaultConfigurationIsVisible = 0;
			defaultConfigurationName = Release;
		};
		D534CBC025E97E7100B1A7BA /* Build configuration list for PBXNativeTarget "Problem2 (macOS)" */ = {
			isa = XCConfigurationList;
			buildConfigurations = (
				D534CBC125E97E7100B1A7BA /* Debug */,
				D534CBC225E97E7100B1A7BA /* Release */,
			);
			defaultConfigurationIsVisible = 0;
			defaultConfigurationName = Release;
		};
		D534CBC325E97E7100B1A7BA /* Build configuration list for PBXNativeTarget "Tests iOS" */ = {
			isa = XCConfigurationList;
			buildConfigurations = (
				D534CBC425E97E7100B1A7BA /* Debug */,
				D534CBC525E97E7100B1A7BA /* Release */,
			);
			defaultConfigurationIsVisible = 0;
			defaultConfigurationName = Release;
		};
		D534CBC625E97E7100B1A7BA /* Build configuration list for PBXNativeTarget "Tests macOS" */ = {
			isa = XCConfigurationList;
			buildConfigurations = (
				D534CBC725E97E7100B1A7BA /* Debug */,
				D534CBC825E97E7100B1A7BA /* Release */,
			);
			defaultConfigurationIsVisible = 0;
			defaultConfigurationName = Release;
		};
/* End XCConfigurationList section */

/* Begin XCRemoteSwiftPackageReference section */
		D534CC0F25E97F9700B1A7BA /* XCRemoteSwiftPackageReference "core-plot" */ = {
			isa = XCRemoteSwiftPackageReference;
			repositoryURL = "https://github.com/core-plot/core-plot/";
			requirement = {
				branch = "release-2.4";
				kind = branch;
			};
		};
/* End XCRemoteSwiftPackageReference section */

/* Begin XCSwiftPackageProductDependency section */
		D534CC1025E97F9700B1A7BA /* CorePlot */ = {
			isa = XCSwiftPackageProductDependency;
			package = D534CC0F25E97F9700B1A7BA /* XCRemoteSwiftPackageReference "core-plot" */;
			productName = CorePlot;
		};
		D534CC1725E97FB700B1A7BA /* CorePlot */ = {
			isa = XCSwiftPackageProductDependency;
			package = D534CC0F25E97F9700B1A7BA /* XCRemoteSwiftPackageReference "core-plot" */;
			productName = CorePlot;
		};
		D534CC1D25E97FD200B1A7BA /* CorePlot */ = {
			isa = XCSwiftPackageProductDependency;
			package = D534CC0F25E97F9700B1A7BA /* XCRemoteSwiftPackageReference "core-plot" */;
			productName = CorePlot;
		};
/* End XCSwiftPackageProductDependency section */
	};
	rootObject = D534CB8725E97E6E00B1A7BA /* Project object */;
}
